// !$*UTF8*$!
{
	archiveVersion = 1;
	classes = {
	};
	objectVersion = 50;
	objects = {

/* Begin PBXBuildFile section */
		6E38A2BD21E599DA00E8CCF1 /* AppDelegate.swift in Sources */ = {isa = PBXBuildFile; fileRef = 6E38A2BC21E599DA00E8CCF1 /* AppDelegate.swift */; };
		6E38A2BF21E599DA00E8CCF1 /* ViewController.swift in Sources */ = {isa = PBXBuildFile; fileRef = 6E38A2BE21E599DA00E8CCF1 /* ViewController.swift */; };
		6E38A2C221E599DA00E8CCF1 /* Main.storyboard in Resources */ = {isa = PBXBuildFile; fileRef = 6E38A2C021E599DA00E8CCF1 /* Main.storyboard */; };
		6E38A2C421E599DB00E8CCF1 /* Assets.xcassets in Resources */ = {isa = PBXBuildFile; fileRef = 6E38A2C321E599DB00E8CCF1 /* Assets.xcassets */; };
		6E38A2C721E599DB00E8CCF1 /* LaunchScreen.storyboard in Resources */ = {isa = PBXBuildFile; fileRef = 6E38A2C521E599DB00E8CCF1 /* LaunchScreen.storyboard */; };
		6E38A2D221E599DB00E8CCF1 /* tippyTests.swift in Sources */ = {isa = PBXBuildFile; fileRef = 6E38A2D121E599DB00E8CCF1 /* tippyTests.swift */; };
		6E38A2DD21E599DB00E8CCF1 /* tippyUITests.swift in Sources */ = {isa = PBXBuildFile; fileRef = 6E38A2DC21E599DB00E8CCF1 /* tippyUITests.swift */; };
		6E4B9D7721E5B2B600489673 /* EditableStepper.swift in Sources */ = {isa = PBXBuildFile; fileRef = 6E4B9D7621E5B2B600489673 /* EditableStepper.swift */; };
		6E4B9D7921E5DB5E00489673 /* HighlightButton.swift in Sources */ = {isa = PBXBuildFile; fileRef = 6E4B9D7821E5DB5E00489673 /* HighlightButton.swift */; };
		6E4B9D7B21E5EFE500489673 /* SettingsViewController.swift in Sources */ = {isa = PBXBuildFile; fileRef = 6E4B9D7A21E5EFE500489673 /* SettingsViewController.swift */; };
		6E4B9D7D21E5FF3400489673 /* TipOptionsViewController.swift in Sources */ = {isa = PBXBuildFile; fileRef = 6E4B9D7C21E5FF3400489673 /* TipOptionsViewController.swift */; };
		6E4B9D8121E6018000489673 /* CurrencyViewController.swift in Sources */ = {isa = PBXBuildFile; fileRef = 6E4B9D8021E6018000489673 /* CurrencyViewController.swift */; };
		6E4B9D8321E6B38500489673 /* UIColor + TippyColor.swift in Sources */ = {isa = PBXBuildFile; fileRef = 6E4B9D8221E6B38500489673 /* UIColor + TippyColor.swift */; };
/* End PBXBuildFile section */

/* Begin PBXContainerItemProxy section */
		6E38A2CE21E599DB00E8CCF1 /* PBXContainerItemProxy */ = {
			isa = PBXContainerItemProxy;
			containerPortal = 6E38A2B121E599D900E8CCF1 /* Project object */;
			proxyType = 1;
			remoteGlobalIDString = 6E38A2B821E599DA00E8CCF1;
			remoteInfo = tippy;
		};
		6E38A2D921E599DB00E8CCF1 /* PBXContainerItemProxy */ = {
			isa = PBXContainerItemProxy;
			containerPortal = 6E38A2B121E599D900E8CCF1 /* Project object */;
			proxyType = 1;
			remoteGlobalIDString = 6E38A2B821E599DA00E8CCF1;
			remoteInfo = tippy;
		};
/* End PBXContainerItemProxy section */

/* Begin PBXFileReference section */
		6E38A2B921E599DA00E8CCF1 /* tippy.app */ = {isa = PBXFileReference; explicitFileType = wrapper.application; includeInIndex = 0; path = tippy.app; sourceTree = BUILT_PRODUCTS_DIR; };
		6E38A2BC21E599DA00E8CCF1 /* AppDelegate.swift */ = {isa = PBXFileReference; lastKnownFileType = sourcecode.swift; path = AppDelegate.swift; sourceTree = "<group>"; };
		6E38A2BE21E599DA00E8CCF1 /* ViewController.swift */ = {isa = PBXFileReference; lastKnownFileType = sourcecode.swift; path = ViewController.swift; sourceTree = "<group>"; };
		6E38A2C121E599DA00E8CCF1 /* Base */ = {isa = PBXFileReference; lastKnownFileType = file.storyboard; name = Base; path = Base.lproj/Main.storyboard; sourceTree = "<group>"; };
		6E38A2C321E599DB00E8CCF1 /* Assets.xcassets */ = {isa = PBXFileReference; lastKnownFileType = folder.assetcatalog; path = Assets.xcassets; sourceTree = "<group>"; };
		6E38A2C621E599DB00E8CCF1 /* Base */ = {isa = PBXFileReference; lastKnownFileType = file.storyboard; name = Base; path = Base.lproj/LaunchScreen.storyboard; sourceTree = "<group>"; };
		6E38A2C821E599DB00E8CCF1 /* Info.plist */ = {isa = PBXFileReference; lastKnownFileType = text.plist.xml; path = Info.plist; sourceTree = "<group>"; };
		6E38A2CD21E599DB00E8CCF1 /* tippyTests.xctest */ = {isa = PBXFileReference; explicitFileType = wrapper.cfbundle; includeInIndex = 0; path = tippyTests.xctest; sourceTree = BUILT_PRODUCTS_DIR; };
		6E38A2D121E599DB00E8CCF1 /* tippyTests.swift */ = {isa = PBXFileReference; lastKnownFileType = sourcecode.swift; path = tippyTests.swift; sourceTree = "<group>"; };
		6E38A2D321E599DB00E8CCF1 /* Info.plist */ = {isa = PBXFileReference; lastKnownFileType = text.plist.xml; path = Info.plist; sourceTree = "<group>"; };
		6E38A2D821E599DB00E8CCF1 /* tippyUITests.xctest */ = {isa = PBXFileReference; explicitFileType = wrapper.cfbundle; includeInIndex = 0; path = tippyUITests.xctest; sourceTree = BUILT_PRODUCTS_DIR; };
		6E38A2DC21E599DB00E8CCF1 /* tippyUITests.swift */ = {isa = PBXFileReference; lastKnownFileType = sourcecode.swift; path = tippyUITests.swift; sourceTree = "<group>"; };
		6E38A2DE21E599DB00E8CCF1 /* Info.plist */ = {isa = PBXFileReference; lastKnownFileType = text.plist.xml; path = Info.plist; sourceTree = "<group>"; };
		6E4B9D7621E5B2B600489673 /* EditableStepper.swift */ = {isa = PBXFileReference; lastKnownFileType = sourcecode.swift; path = EditableStepper.swift; sourceTree = "<group>"; };
		6E4B9D7821E5DB5E00489673 /* HighlightButton.swift */ = {isa = PBXFileReference; lastKnownFileType = sourcecode.swift; path = HighlightButton.swift; sourceTree = "<group>"; };
		6E4B9D7A21E5EFE500489673 /* SettingsViewController.swift */ = {isa = PBXFileReference; lastKnownFileType = sourcecode.swift; path = SettingsViewController.swift; sourceTree = "<group>"; };
		6E4B9D7C21E5FF3400489673 /* TipOptionsViewController.swift */ = {isa = PBXFileReference; lastKnownFileType = sourcecode.swift; path = TipOptionsViewController.swift; sourceTree = "<group>"; };
		6E4B9D8021E6018000489673 /* CurrencyViewController.swift */ = {isa = PBXFileReference; lastKnownFileType = sourcecode.swift; path = CurrencyViewController.swift; sourceTree = "<group>"; };
		6E4B9D8221E6B38500489673 /* UIColor + TippyColor.swift */ = {isa = PBXFileReference; lastKnownFileType = sourcecode.swift; path = "UIColor + TippyColor.swift"; sourceTree = "<group>"; };
/* End PBXFileReference section */

/* Begin PBXFrameworksBuildPhase section */
		6E38A2B621E599DA00E8CCF1 /* Frameworks */ = {
			isa = PBXFrameworksBuildPhase;
			buildActionMask = 2147483647;
			files = (
			);
			runOnlyForDeploymentPostprocessing = 0;
		};
		6E38A2CA21E599DB00E8CCF1 /* Frameworks */ = {
			isa = PBXFrameworksBuildPhase;
			buildActionMask = 2147483647;
			files = (
			);
			runOnlyForDeploymentPostprocessing = 0;
		};
		6E38A2D521E599DB00E8CCF1 /* Frameworks */ = {
			isa = PBXFrameworksBuildPhase;
			buildActionMask = 2147483647;
			files = (
			);
			runOnlyForDeploymentPostprocessing = 0;
		};
/* End PBXFrameworksBuildPhase section */

/* Begin PBXGroup section */
		6E38A2B021E599D900E8CCF1 = {
			isa = PBXGroup;
			children = (
				6E38A2BB21E599DA00E8CCF1 /* tippy */,
				6E38A2D021E599DB00E8CCF1 /* tippyTests */,
				6E38A2DB21E599DB00E8CCF1 /* tippyUITests */,
				6E38A2BA21E599DA00E8CCF1 /* Products */,
			);
			sourceTree = "<group>";
		};
		6E38A2BA21E599DA00E8CCF1 /* Products */ = {
			isa = PBXGroup;
			children = (
				6E38A2B921E599DA00E8CCF1 /* tippy.app */,
				6E38A2CD21E599DB00E8CCF1 /* tippyTests.xctest */,
				6E38A2D821E599DB00E8CCF1 /* tippyUITests.xctest */,
			);
			name = Products;
			sourceTree = "<group>";
		};
		6E38A2BB21E599DA00E8CCF1 /* tippy */ = {
			isa = PBXGroup;
			children = (
				6E38A2BC21E599DA00E8CCF1 /* AppDelegate.swift */,
				6E38A2C021E599DA00E8CCF1 /* Main.storyboard */,
				6E38A2BE21E599DA00E8CCF1 /* ViewController.swift */,
				6E4B9D7C21E5FF3400489673 /* TipOptionsViewController.swift */,
				6E4B9D8021E6018000489673 /* CurrencyViewController.swift */,
				6E4B9D7A21E5EFE500489673 /* SettingsViewController.swift */,
				6E4B9D7621E5B2B600489673 /* EditableStepper.swift */,
				6E4B9D7821E5DB5E00489673 /* HighlightButton.swift */,
				6E4B9D8221E6B38500489673 /* UIColor + TippyColor.swift */,
				6E38A2C321E599DB00E8CCF1 /* Assets.xcassets */,
				6E38A2C521E599DB00E8CCF1 /* LaunchScreen.storyboard */,
				6E38A2C821E599DB00E8CCF1 /* Info.plist */,
			);
			path = tippy;
			sourceTree = "<group>";
		};
		6E38A2D021E599DB00E8CCF1 /* tippyTests */ = {
			isa = PBXGroup;
			children = (
				6E38A2D121E599DB00E8CCF1 /* tippyTests.swift */,
				6E38A2D321E599DB00E8CCF1 /* Info.plist */,
			);
			path = tippyTests;
			sourceTree = "<group>";
		};
		6E38A2DB21E599DB00E8CCF1 /* tippyUITests */ = {
			isa = PBXGroup;
			children = (
				6E38A2DC21E599DB00E8CCF1 /* tippyUITests.swift */,
				6E38A2DE21E599DB00E8CCF1 /* Info.plist */,
			);
			path = tippyUITests;
			sourceTree = "<group>";
		};
/* End PBXGroup section */

/* Begin PBXNativeTarget section */
		6E38A2B821E599DA00E8CCF1 /* tippy */ = {
			isa = PBXNativeTarget;
			buildConfigurationList = 6E38A2E121E599DB00E8CCF1 /* Build configuration list for PBXNativeTarget "tippy" */;
			buildPhases = (
				6E38A2B521E599DA00E8CCF1 /* Sources */,
				6E38A2B621E599DA00E8CCF1 /* Frameworks */,
				6E38A2B721E599DA00E8CCF1 /* Resources */,
			);
			buildRules = (
			);
			dependencies = (
			);
			name = tippy;
			productName = tippy;
			productReference = 6E38A2B921E599DA00E8CCF1 /* tippy.app */;
			productType = "com.apple.product-type.application";
		};
		6E38A2CC21E599DB00E8CCF1 /* tippyTests */ = {
			isa = PBXNativeTarget;
			buildConfigurationList = 6E38A2E421E599DB00E8CCF1 /* Build configuration list for PBXNativeTarget "tippyTests" */;
			buildPhases = (
				6E38A2C921E599DB00E8CCF1 /* Sources */,
				6E38A2CA21E599DB00E8CCF1 /* Frameworks */,
				6E38A2CB21E599DB00E8CCF1 /* Resources */,
			);
			buildRules = (
			);
			dependencies = (
				6E38A2CF21E599DB00E8CCF1 /* PBXTargetDependency */,
			);
			name = tippyTests;
			productName = tippyTests;
			productReference = 6E38A2CD21E599DB00E8CCF1 /* tippyTests.xctest */;
			productType = "com.apple.product-type.bundle.unit-test";
		};
		6E38A2D721E599DB00E8CCF1 /* tippyUITests */ = {
			isa = PBXNativeTarget;
			buildConfigurationList = 6E38A2E721E599DB00E8CCF1 /* Build configuration list for PBXNativeTarget "tippyUITests" */;
			buildPhases = (
				6E38A2D421E599DB00E8CCF1 /* Sources */,
				6E38A2D521E599DB00E8CCF1 /* Frameworks */,
				6E38A2D621E599DB00E8CCF1 /* Resources */,
			);
			buildRules = (
			);
			dependencies = (
				6E38A2DA21E599DB00E8CCF1 /* PBXTargetDependency */,
			);
			name = tippyUITests;
			productName = tippyUITests;
			productReference = 6E38A2D821E599DB00E8CCF1 /* tippyUITests.xctest */;
			productType = "com.apple.product-type.bundle.ui-testing";
		};
/* End PBXNativeTarget section */

/* Begin PBXProject section */
		6E38A2B121E599D900E8CCF1 /* Project object */ = {
			isa = PBXProject;
			attributes = {
				LastSwiftUpdateCheck = 1010;
				LastUpgradeCheck = 1010;
				ORGANIZATIONNAME = "Ryan Sullivan";
				TargetAttributes = {
					6E38A2B821E599DA00E8CCF1 = {
						CreatedOnToolsVersion = 10.1;
					};
					6E38A2CC21E599DB00E8CCF1 = {
						CreatedOnToolsVersion = 10.1;
						TestTargetID = 6E38A2B821E599DA00E8CCF1;
					};
					6E38A2D721E599DB00E8CCF1 = {
						CreatedOnToolsVersion = 10.1;
						TestTargetID = 6E38A2B821E599DA00E8CCF1;
					};
				};
			};
			buildConfigurationList = 6E38A2B421E599D900E8CCF1 /* Build configuration list for PBXProject "tippy" */;
			compatibilityVersion = "Xcode 9.3";
			developmentRegion = en;
			hasScannedForEncodings = 0;
			knownRegions = (
				en,
				Base,
			);
			mainGroup = 6E38A2B021E599D900E8CCF1;
			productRefGroup = 6E38A2BA21E599DA00E8CCF1 /* Products */;
			projectDirPath = "";
			projectRoot = "";
			targets = (
				6E38A2B821E599DA00E8CCF1 /* tippy */,
				6E38A2CC21E599DB00E8CCF1 /* tippyTests */,
				6E38A2D721E599DB00E8CCF1 /* tippyUITests */,
			);
		};
/* End PBXProject section */

/* Begin PBXResourcesBuildPhase section */
		6E38A2B721E599DA00E8CCF1 /* Resources */ = {
			isa = PBXResourcesBuildPhase;
			buildActionMask = 2147483647;
			files = (
				6E38A2C721E599DB00E8CCF1 /* LaunchScreen.storyboard in Resources */,
				6E38A2C421E599DB00E8CCF1 /* Assets.xcassets in Resources */,
				6E38A2C221E599DA00E8CCF1 /* Main.storyboard in Resources */,
			);
			runOnlyForDeploymentPostprocessing = 0;
		};
		6E38A2CB21E599DB00E8CCF1 /* Resources */ = {
			isa = PBXResourcesBuildPhase;
			buildActionMask = 2147483647;
			files = (
			);
			runOnlyForDeploymentPostprocessing = 0;
		};
		6E38A2D621E599DB00E8CCF1 /* Resources */ = {
			isa = PBXResourcesBuildPhase;
			buildActionMask = 2147483647;
			files = (
			);
			runOnlyForDeploymentPostprocessing = 0;
		};
/* End PBXResourcesBuildPhase section */

/* Begin PBXSourcesBuildPhase section */
		6E38A2B521E599DA00E8CCF1 /* Sources */ = {
			isa = PBXSourcesBuildPhase;
			buildActionMask = 2147483647;
			files = (
				6E4B9D7921E5DB5E00489673 /* HighlightButton.swift in Sources */,
				6E38A2BF21E599DA00E8CCF1 /* ViewController.swift in Sources */,
				6E4B9D8321E6B38500489673 /* UIColor + TippyColor.swift in Sources */,
				6E38A2BD21E599DA00E8CCF1 /* AppDelegate.swift in Sources */,
				6E4B9D8121E6018000489673 /* CurrencyViewController.swift in Sources */,
				6E4B9D7D21E5FF3400489673 /* TipOptionsViewController.swift in Sources */,
				6E4B9D7B21E5EFE500489673 /* SettingsViewController.swift in Sources */,
				6E4B9D7721E5B2B600489673 /* EditableStepper.swift in Sources */,
			);
			runOnlyForDeploymentPostprocessing = 0;
		};
		6E38A2C921E599DB00E8CCF1 /* Sources */ = {
			isa = PBXSourcesBuildPhase;
			buildActionMask = 2147483647;
			files = (
				6E38A2D221E599DB00E8CCF1 /* tippyTests.swift in Sources */,
			);
			runOnlyForDeploymentPostprocessing = 0;
		};
		6E38A2D421E599DB00E8CCF1 /* Sources */ = {
			isa = PBXSourcesBuildPhase;
			buildActionMask = 2147483647;
			files = (
				6E38A2DD21E599DB00E8CCF1 /* tippyUITests.swift in Sources */,
			);
			runOnlyForDeploymentPostprocessing = 0;
		};
/* End PBXSourcesBuildPhase section */

/* Begin PBXTargetDependency section */
		6E38A2CF21E599DB00E8CCF1 /* PBXTargetDependency */ = {
			isa = PBXTargetDependency;
			target = 6E38A2B821E599DA00E8CCF1 /* tippy */;
			targetProxy = 6E38A2CE21E599DB00E8CCF1 /* PBXContainerItemProxy */;
		};
		6E38A2DA21E599DB00E8CCF1 /* PBXTargetDependency */ = {
			isa = PBXTargetDependency;
			target = 6E38A2B821E599DA00E8CCF1 /* tippy */;
			targetProxy = 6E38A2D921E599DB00E8CCF1 /* PBXContainerItemProxy */;
		};
/* End PBXTargetDependency section */

/* Begin PBXVariantGroup section */
		6E38A2C021E599DA00E8CCF1 /* Main.storyboard */ = {
			isa = PBXVariantGroup;
			children = (
				6E38A2C121E599DA00E8CCF1 /* Base */,
			);
			name = Main.storyboard;
			sourceTree = "<group>";
		};
		6E38A2C521E599DB00E8CCF1 /* LaunchScreen.storyboard */ = {
			isa = PBXVariantGroup;
			children = (
				6E38A2C621E599DB00E8CCF1 /* Base */,
			);
			name = LaunchScreen.storyboard;
			sourceTree = "<group>";
		};
/* End PBXVariantGroup section */

/* Begin XCBuildConfiguration section */
		6E38A2DF21E599DB00E8CCF1 /* Debug */ = {
			isa = XCBuildConfiguration;
			buildSettings = {
				ALWAYS_SEARCH_USER_PATHS = NO;
				CLANG_ANALYZER_NONNULL = YES;
				CLANG_ANALYZER_NUMBER_OBJECT_CONVERSION = YES_AGGRESSIVE;
				CLANG_CXX_LANGUAGE_STANDARD = "gnu++14";
				CLANG_CXX_LIBRARY = "libc++";
				CLANG_ENABLE_MODULES = YES;
				CLANG_ENABLE_OBJC_ARC = YES;
				CLANG_ENABLE_OBJC_WEAK = YES;
				CLANG_WARN_BLOCK_CAPTURE_AUTORELEASING = YES;
				CLANG_WARN_BOOL_CONVERSION = YES;
				CLANG_WARN_COMMA = YES;
				CLANG_WARN_CONSTANT_CONVERSION = YES;
				CLANG_WARN_DEPRECATED_OBJC_IMPLEMENTATIONS = YES;
				CLANG_WARN_DIRECT_OBJC_ISA_USAGE = YES_ERROR;
				CLANG_WARN_DOCUMENTATION_COMMENTS = YES;
				CLANG_WARN_EMPTY_BODY = YES;
				CLANG_WARN_ENUM_CONVERSION = YES;
				CLANG_WARN_INFINITE_RECURSION = YES;
				CLANG_WARN_INT_CONVERSION = YES;
				CLANG_WARN_NON_LITERAL_NULL_CONVERSION = YES;
				CLANG_WARN_OBJC_IMPLICIT_RETAIN_SELF = YES;
				CLANG_WARN_OBJC_LITERAL_CONVERSION = YES;
				CLANG_WARN_OBJC_ROOT_CLASS = YES_ERROR;
				CLANG_WARN_RANGE_LOOP_ANALYSIS = YES;
				CLANG_WARN_STRICT_PROTOTYPES = YES;
				CLANG_WARN_SUSPICIOUS_MOVE = YES;
				CLANG_WARN_UNGUARDED_AVAILABILITY = YES_AGGRESSIVE;
				CLANG_WARN_UNREACHABLE_CODE = YES;
				CLANG_WARN__DUPLICATE_METHOD_MATCH = YES;
				CODE_SIGN_IDENTITY = "iPhone Developer";
				COPY_PHASE_STRIP = NO;
				DEBUG_INFORMATION_FORMAT = dwarf;
				ENABLE_STRICT_OBJC_MSGSEND = YES;
				ENABLE_TESTABILITY = YES;
				GCC_C_LANGUAGE_STANDARD = gnu11;
				GCC_DYNAMIC_NO_PIC = NO;
				GCC_NO_COMMON_BLOCKS = YES;
				GCC_OPTIMIZATION_LEVEL = 0;
				GCC_PREPROCESSOR_DEFINITIONS = (
					"DEBUG=1",
					"$(inherited)",
				);
				GCC_WARN_64_TO_32_BIT_CONVERSION = YES;
				GCC_WARN_ABOUT_RETURN_TYPE = YES_ERROR;
				GCC_WARN_UNDECLARED_SELECTOR = YES;
				GCC_WARN_UNINITIALIZED_AUTOS = YES_AGGRESSIVE;
				GCC_WARN_UNUSED_FUNCTION = YES;
				GCC_WARN_UNUSED_VARIABLE = YES;
				IPHONEOS_DEPLOYMENT_TARGET = 12.1;
				MTL_ENABLE_DEBUG_INFO = INCLUDE_SOURCE;
				MTL_FAST_MATH = YES;
				ONLY_ACTIVE_ARCH = YES;
				SDKROOT = iphoneos;
				SWIFT_ACTIVE_COMPILATION_CONDITIONS = DEBUG;
				SWIFT_OPTIMIZATION_LEVEL = "-Onone";
			};
			name = Debug;
		};
		6E38A2E021E599DB00E8CCF1 /* Release */ = {
			isa = XCBuildConfiguration;
			buildSettings = {
				ALWAYS_SEARCH_USER_PATHS = NO;
				CLANG_ANALYZER_NONNULL = YES;
				CLANG_ANALYZER_NUMBER_OBJECT_CONVERSION = YES_AGGRESSIVE;
				CLANG_CXX_LANGUAGE_STANDARD = "gnu++14";
				CLANG_CXX_LIBRARY = "libc++";
				CLANG_ENABLE_MODULES = YES;
				CLANG_ENABLE_OBJC_ARC = YES;
				CLANG_ENABLE_OBJC_WEAK = YES;
				CLANG_WARN_BLOCK_CAPTURE_AUTORELEASING = YES;
				CLANG_WARN_BOOL_CONVERSION = YES;
				CLANG_WARN_COMMA = YES;
				CLANG_WARN_CONSTANT_CONVERSION = YES;
				CLANG_WARN_DEPRECATED_OBJC_IMPLEMENTATIONS = YES;
				CLANG_WARN_DIRECT_OBJC_ISA_USAGE = YES_ERROR;
				CLANG_WARN_DOCUMENTATION_COMMENTS = YES;
				CLANG_WARN_EMPTY_BODY = YES;
				CLANG_WARN_ENUM_CONVERSION = YES;
				CLANG_WARN_INFINITE_RECURSION = YES;
				CLANG_WARN_INT_CONVERSION = YES;
				CLANG_WARN_NON_LITERAL_NULL_CONVERSION = YES;
				CLANG_WARN_OBJC_IMPLICIT_RETAIN_SELF = YES;
				CLANG_WARN_OBJC_LITERAL_CONVERSION = YES;
				CLANG_WARN_OBJC_ROOT_CLASS = YES_ERROR;
				CLANG_WARN_RANGE_LOOP_ANALYSIS = YES;
				CLANG_WARN_STRICT_PROTOTYPES = YES;
				CLANG_WARN_SUSPICIOUS_MOVE = YES;
				CLANG_WARN_UNGUARDED_AVAILABILITY = YES_AGGRESSIVE;
				CLANG_WARN_UNREACHABLE_CODE = YES;
				CLANG_WARN__DUPLICATE_METHOD_MATCH = YES;
				CODE_SIGN_IDENTITY = "iPhone Developer";
				COPY_PHASE_STRIP = NO;
				DEBUG_INFORMATION_FORMAT = "dwarf-with-dsym";
				ENABLE_NS_ASSERTIONS = NO;
				ENABLE_STRICT_OBJC_MSGSEND = YES;
				GCC_C_LANGUAGE_STANDARD = gnu11;
				GCC_NO_COMMON_BLOCKS = YES;
				GCC_WARN_64_TO_32_BIT_CONVERSION = YES;
				GCC_WARN_ABOUT_RETURN_TYPE = YES_ERROR;
				GCC_WARN_UNDECLARED_SELECTOR = YES;
				GCC_WARN_UNINITIALIZED_AUTOS = YES_AGGRESSIVE;
				GCC_WARN_UNUSED_FUNCTION = YES;
				GCC_WARN_UNUSED_VARIABLE = YES;
				IPHONEOS_DEPLOYMENT_TARGET = 12.1;
				MTL_ENABLE_DEBUG_INFO = NO;
				MTL_FAST_MATH = YES;
				SDKROOT = iphoneos;
				SWIFT_COMPILATION_MODE = wholemodule;
				SWIFT_OPTIMIZATION_LEVEL = "-O";
				VALIDATE_PRODUCT = YES;
			};
			name = Release;
		};
		6E38A2E221E599DB00E8CCF1 /* Debug */ = {
			isa = XCBuildConfiguration;
			buildSettings = {
				ASSETCATALOG_COMPILER_APPICON_NAME = AppIcon;
				CODE_SIGN_STYLE = Automatic;
				DEVELOPMENT_TEAM = G54TLNA64K;
				INFOPLIST_FILE = tippy/Info.plist;
				LD_RUNPATH_SEARCH_PATHS = (
					"$(inherited)",
					"@executable_path/Frameworks",
				);
				PRODUCT_BUNDLE_IDENTIFIER = "ryan-s.codepath.tippy";
				PRODUCT_NAME = "$(TARGET_NAME)";
				SWIFT_VERSION = 4.2;
				TARGETED_DEVICE_FAMILY = "1,2";
			};
			name = Debug;
		};
		6E38A2E321E599DB00E8CCF1 /* Release */ = {
			isa = XCBuildConfiguration;
			buildSettings = {
				ASSETCATALOG_COMPILER_APPICON_NAME = AppIcon;
				CODE_SIGN_STYLE = Automatic;
				DEVELOPMENT_TEAM = G54TLNA64K;
				INFOPLIST_FILE = tippy/Info.plist;
				LD_RUNPATH_SEARCH_PATHS = (
					"$(inherited)",
					"@executable_path/Frameworks",
				);
				PRODUCT_BUNDLE_IDENTIFIER = "ryan-s.codepath.tippy";
				PRODUCT_NAME = "$(TARGET_NAME)";
				SWIFT_VERSION = 4.2;
				TARGETED_DEVICE_FAMILY = "1,2";
			};
			name = Release;
		};
		6E38A2E521E599DB00E8CCF1 /* Debug */ = {
			isa = XCBuildConfiguration;
			buildSettings = {
				ALWAYS_EMBED_SWIFT_STANDARD_LIBRARIES = YES;
				BUNDLE_LOADER = "$(TEST_HOST)";
				CODE_SIGN_STYLE = Automatic;
				DEVELOPMENT_TEAM = G54TLNA64K;
				INFOPLIST_FILE = tippyTests/Info.plist;
				LD_RUNPATH_SEARCH_PATHS = (
					"$(inherited)",
					"@executable_path/Frameworks",
					"@loader_path/Frameworks",
				);
				PRODUCT_BUNDLE_IDENTIFIER = com.codepath.tippyTests;
				PRODUCT_NAME = "$(TARGET_NAME)";
				SWIFT_VERSION = 4.2;
				TARGETED_DEVICE_FAMILY = "1,2";
				TEST_HOST = "$(BUILT_PRODUCTS_DIR)/tippy.app/tippy";
			};
			name = Debug;
		};
		6E38A2E621E599DB00E8CCF1 /* Release */ = {
			isa = XCBuildConfiguration;
			buildSettings = {
				ALWAYS_EMBED_SWIFT_STANDARD_LIBRARIES = YES;
				BUNDLE_LOADER = "$(TEST_HOST)";
				CODE_SIGN_STYLE = Automatic;
				DEVELOPMENT_TEAM = G54TLNA64K;
				INFOPLIST_FILE = tippyTests/Info.plist;
				LD_RUNPATH_SEARCH_PATHS = (
					"$(inherited)",
					"@executable_path/Frameworks",
					"@loader_path/Frameworks",
				);
				PRODUCT_BUNDLE_IDENTIFIER = com.codepath.tippyTests;
				PRODUCT_NAME = "$(TARGET_NAME)";
				SWIFT_VERSION = 4.2;
				TARGETED_DEVICE_FAMILY = "1,2";
				TEST_HOST = "$(BUILT_PRODUCTS_DIR)/tippy.app/tippy";
			};
			name = Release;
		};
		6E38A2E821E599DB00E8CCF1 /* Debug */ = {
			isa = XCBuildConfiguration;
			buildSettings = {
				ALWAYS_EMBED_SWIFT_STANDARD_LIBRARIES = YES;
				CODE_SIGN_STYLE = Automatic;
				DEVELOPMENT_TEAM = G54TLNA64K;
				INFOPLIST_FILE = tippyUITests/Info.plist;
				LD_RUNPATH_SEARCH_PATHS = (
					"$(inherited)",
					"@executable_path/Frameworks",
					"@loader_path/Frameworks",
				);
				PRODUCT_BUNDLE_IDENTIFIER = com.codepath.tippyUITests;
				PRODUCT_NAME = "$(TARGET_NAME)";
				SWIFT_VERSION = 4.2;
				TARGETED_DEVICE_FAMILY = "1,2";
				TEST_TARGET_NAME = tippy;
			};
			name = Debug;
		};
		6E38A2E921E599DB00E8CCF1 /* Release */ = {
			isa = XCBuildConfiguration;
			buildSettings = {
				ALWAYS_EMBED_SWIFT_STANDARD_LIBRARIES = YES;
				CODE_SIGN_STYLE = Automatic;
				DEVELOPMENT_TEAM = G54TLNA64K;
				INFOPLIST_FILE = tippyUITests/Info.plist;
				LD_RUNPATH_SEARCH_PATHS = (
					"$(inherited)",
					"@executable_path/Frameworks",
					"@loader_path/Frameworks",
				);
				PRODUCT_BUNDLE_IDENTIFIER = com.codepath.tippyUITests;
				PRODUCT_NAME = "$(TARGET_NAME)";
				SWIFT_VERSION = 4.2;
				TARGETED_DEVICE_FAMILY = "1,2";
				TEST_TARGET_NAME = tippy;
			};
			name = Release;
		};
/* End XCBuildConfiguration section */

/* Begin XCConfigurationList section */
		6E38A2B421E599D900E8CCF1 /* Build configuration list for PBXProject "tippy" */ = {
			isa = XCConfigurationList;
			buildConfigurations = (
				6E38A2DF21E599DB00E8CCF1 /* Debug */,
				6E38A2E021E599DB00E8CCF1 /* Release */,
			);
			defaultConfigurationIsVisible = 0;
			defaultConfigurationName = Release;
		};
		6E38A2E121E599DB00E8CCF1 /* Build configuration list for PBXNativeTarget "tippy" */ = {
			isa = XCConfigurationList;
			buildConfigurations = (
				6E38A2E221E599DB00E8CCF1 /* Debug */,
				6E38A2E321E599DB00E8CCF1 /* Release */,
			);
			defaultConfigurationIsVisible = 0;
			defaultConfigurationName = Release;
		};
		6E38A2E421E599DB00E8CCF1 /* Build configuration list for PBXNativeTarget "tippyTests" */ = {
			isa = XCConfigurationList;
			buildConfigurations = (
				6E38A2E521E599DB00E8CCF1 /* Debug */,
				6E38A2E621E599DB00E8CCF1 /* Release */,
			);
			defaultConfigurationIsVisible = 0;
			defaultConfigurationName = Release;
		};
		6E38A2E721E599DB00E8CCF1 /* Build configuration list for PBXNativeTarget "tippyUITests" */ = {
			isa = XCConfigurationList;
			buildConfigurations = (
				6E38A2E821E599DB00E8CCF1 /* Debug */,
				6E38A2E921E599DB00E8CCF1 /* Release */,
			);
			defaultConfigurationIsVisible = 0;
			defaultConfigurationName = Release;
		};
/* End XCConfigurationList section */
	};
	rootObject = 6E38A2B121E599D900E8CCF1 /* Project object */;
}
